// !$*UTF8*$!
{
	archiveVersion = 1;
	classes = {
	};
	objectVersion = 50;
	objects = {

/* Begin PBXBuildFile section */
		48115F6024CFC5F200EE672E /* countries.swift in Sources */ = {isa = PBXBuildFile; fileRef = 48115F5F24CFC5F200EE672E /* countries.swift */; };
		4898B3F224CE5A4600EE18AB /* AppDelegate.swift in Sources */ = {isa = PBXBuildFile; fileRef = 4898B3F124CE5A4600EE18AB /* AppDelegate.swift */; };
		4898B3F424CE5A4600EE18AB /* SceneDelegate.swift in Sources */ = {isa = PBXBuildFile; fileRef = 4898B3F324CE5A4600EE18AB /* SceneDelegate.swift */; };
		4898B3F624CE5A4600EE18AB /* StatusViewController.swift in Sources */ = {isa = PBXBuildFile; fileRef = 4898B3F524CE5A4600EE18AB /* StatusViewController.swift */; };
		4898B3F924CE5A4600EE18AB /* Main.storyboard in Resources */ = {isa = PBXBuildFile; fileRef = 4898B3F724CE5A4600EE18AB /* Main.storyboard */; };
		4898B3FB24CE5A4700EE18AB /* Assets.xcassets in Resources */ = {isa = PBXBuildFile; fileRef = 4898B3FA24CE5A4700EE18AB /* Assets.xcassets */; };
		4898B3FE24CE5A4700EE18AB /* LaunchScreen.storyboard in Resources */ = {isa = PBXBuildFile; fileRef = 4898B3FC24CE5A4700EE18AB /* LaunchScreen.storyboard */; };
		48C9F91224CFAE8500E79216 /* MainTabBarViewController.swift in Sources */ = {isa = PBXBuildFile; fileRef = 48C9F91124CFAE8500E79216 /* MainTabBarViewController.swift */; };
		48C9F91524CFB10F00E79216 /* countriesTableViewCell.swift in Sources */ = {isa = PBXBuildFile; fileRef = 48C9F91324CFB10F00E79216 /* countriesTableViewCell.swift */; };
		48C9F91624CFB10F00E79216 /* countriesTableViewCell.xib in Resources */ = {isa = PBXBuildFile; fileRef = 48C9F91424CFB10F00E79216 /* countriesTableViewCell.xib */; };
		48C9F91C24CFB58300E79216 /* worldTableViewCell.swift in Sources */ = {isa = PBXBuildFile; fileRef = 48C9F91A24CFB58300E79216 /* worldTableViewCell.swift */; };
		48C9F91D24CFB58300E79216 /* worldTableViewCell.xib in Resources */ = {isa = PBXBuildFile; fileRef = 48C9F91B24CFB58300E79216 /* worldTableViewCell.xib */; };
		48EF1D4E24D057A6000E06AD /* QuizViewController.swift in Sources */ = {isa = PBXBuildFile; fileRef = 48EF1D4D24D057A6000E06AD /* QuizViewController.swift */; };
		48EF1D5024D06837000E06AD /* HomeViewController.swift in Sources */ = {isa = PBXBuildFile; fileRef = 48EF1D4F24D06837000E06AD /* HomeViewController.swift */; };
/* End PBXBuildFile section */

/* Begin PBXFileReference section */
		48115F5F24CFC5F200EE672E /* countries.swift */ = {isa = PBXFileReference; lastKnownFileType = sourcecode.swift; path = countries.swift; sourceTree = "<group>"; };
		4898B3EE24CE5A4600EE18AB /* DeCrona.app */ = {isa = PBXFileReference; explicitFileType = wrapper.application; includeInIndex = 0; path = DeCrona.app; sourceTree = BUILT_PRODUCTS_DIR; };
		4898B3F124CE5A4600EE18AB /* AppDelegate.swift */ = {isa = PBXFileReference; lastKnownFileType = sourcecode.swift; path = AppDelegate.swift; sourceTree = "<group>"; };
		4898B3F324CE5A4600EE18AB /* SceneDelegate.swift */ = {isa = PBXFileReference; lastKnownFileType = sourcecode.swift; path = SceneDelegate.swift; sourceTree = "<group>"; };
		4898B3F524CE5A4600EE18AB /* StatusViewController.swift */ = {isa = PBXFileReference; lastKnownFileType = sourcecode.swift; path = StatusViewController.swift; sourceTree = "<group>"; };
		4898B3F824CE5A4600EE18AB /* Base */ = {isa = PBXFileReference; lastKnownFileType = file.storyboard; name = Base; path = Base.lproj/Main.storyboard; sourceTree = "<group>"; };
		4898B3FA24CE5A4700EE18AB /* Assets.xcassets */ = {isa = PBXFileReference; lastKnownFileType = folder.assetcatalog; path = Assets.xcassets; sourceTree = "<group>"; };
		4898B3FD24CE5A4700EE18AB /* Base */ = {isa = PBXFileReference; lastKnownFileType = file.storyboard; name = Base; path = Base.lproj/LaunchScreen.storyboard; sourceTree = "<group>"; };
		4898B3FF24CE5A4700EE18AB /* Info.plist */ = {isa = PBXFileReference; lastKnownFileType = text.plist.xml; path = Info.plist; sourceTree = "<group>"; };
		48C9F91124CFAE8500E79216 /* MainTabBarViewController.swift */ = {isa = PBXFileReference; lastKnownFileType = sourcecode.swift; path = MainTabBarViewController.swift; sourceTree = "<group>"; };
		48C9F91324CFB10F00E79216 /* countriesTableViewCell.swift */ = {isa = PBXFileReference; lastKnownFileType = sourcecode.swift; path = countriesTableViewCell.swift; sourceTree = "<group>"; };
		48C9F91424CFB10F00E79216 /* countriesTableViewCell.xib */ = {isa = PBXFileReference; lastKnownFileType = file.xib; path = countriesTableViewCell.xib; sourceTree = "<group>"; };
		48C9F91A24CFB58300E79216 /* worldTableViewCell.swift */ = {isa = PBXFileReference; lastKnownFileType = sourcecode.swift; path = worldTableViewCell.swift; sourceTree = "<group>"; };
		48C9F91B24CFB58300E79216 /* worldTableViewCell.xib */ = {isa = PBXFileReference; lastKnownFileType = file.xib; path = worldTableViewCell.xib; sourceTree = "<group>"; };
		48EF1D4D24D057A6000E06AD /* QuizViewController.swift */ = {isa = PBXFileReference; lastKnownFileType = sourcecode.swift; path = QuizViewController.swift; sourceTree = "<group>"; };
		48EF1D4F24D06837000E06AD /* HomeViewController.swift */ = {isa = PBXFileReference; lastKnownFileType = sourcecode.swift; path = HomeViewController.swift; sourceTree = "<group>"; };
/* End PBXFileReference section */

/* Begin PBXFrameworksBuildPhase section */
		4898B3EB24CE5A4600EE18AB /* Frameworks */ = {
			isa = PBXFrameworksBuildPhase;
			buildActionMask = 2147483647;
			files = (
			);
			runOnlyForDeploymentPostprocessing = 0;
		};
/* End PBXFrameworksBuildPhase section */

/* Begin PBXGroup section */
		4898B3E524CE5A4600EE18AB = {
			isa = PBXGroup;
			children = (
				4898B3F024CE5A4600EE18AB /* DeCrona */,
				4898B3EF24CE5A4600EE18AB /* Products */,
			);
			sourceTree = "<group>";
		};
		4898B3EF24CE5A4600EE18AB /* Products */ = {
			isa = PBXGroup;
			children = (
				4898B3EE24CE5A4600EE18AB /* DeCrona.app */,
			);
			name = Products;
			sourceTree = "<group>";
		};
		4898B3F024CE5A4600EE18AB /* DeCrona */ = {
			isa = PBXGroup;
			children = (
				48C9F91924CFB54500E79216 /* Controller */,
				48C9F91824CFB53500E79216 /* Model */,
				48C9F91724CFB52200E79216 /* CustomCells */,
				4898B3F124CE5A4600EE18AB /* AppDelegate.swift */,
				4898B3F324CE5A4600EE18AB /* SceneDelegate.swift */,
				4898B3F724CE5A4600EE18AB /* Main.storyboard */,
				4898B3FA24CE5A4700EE18AB /* Assets.xcassets */,
				4898B3FC24CE5A4700EE18AB /* LaunchScreen.storyboard */,
				4898B3FF24CE5A4700EE18AB /* Info.plist */,
			);
			path = DeCrona;
			sourceTree = "<group>";
		};
		48C9F91724CFB52200E79216 /* CustomCells */ = {
			isa = PBXGroup;
			children = (
				48C9F91324CFB10F00E79216 /* countriesTableViewCell.swift */,
				48C9F91424CFB10F00E79216 /* countriesTableViewCell.xib */,
				48C9F91A24CFB58300E79216 /* worldTableViewCell.swift */,
				48C9F91B24CFB58300E79216 /* worldTableViewCell.xib */,
			);
			path = CustomCells;
			sourceTree = "<group>";
		};
		48C9F91824CFB53500E79216 /* Model */ = {
			isa = PBXGroup;
			children = (
				48115F5F24CFC5F200EE672E /* countries.swift */,
			);
			path = Model;
			sourceTree = "<group>";
		};
		48C9F91924CFB54500E79216 /* Controller */ = {
			isa = PBXGroup;
			children = (
				4898B3F524CE5A4600EE18AB /* StatusViewController.swift */,
				48C9F91124CFAE8500E79216 /* MainTabBarViewController.swift */,
				48EF1D4D24D057A6000E06AD /* QuizViewController.swift */,
				48EF1D4F24D06837000E06AD /* HomeViewController.swift */,
			);
			path = Controller;
			sourceTree = "<group>";
		};
/* End PBXGroup section */

/* Begin PBXNativeTarget section */
		4898B3ED24CE5A4600EE18AB /* DeCrona */ = {
			isa = PBXNativeTarget;
			buildConfigurationList = 4898B40224CE5A4700EE18AB /* Build configuration list for PBXNativeTarget "DeCrona" */;
			buildPhases = (
				4898B3EA24CE5A4600EE18AB /* Sources */,
				4898B3EB24CE5A4600EE18AB /* Frameworks */,
				4898B3EC24CE5A4600EE18AB /* Resources */,
			);
			buildRules = (
			);
			dependencies = (
			);
			name = DeCrona;
			productName = DeCrona;
			productReference = 4898B3EE24CE5A4600EE18AB /* DeCrona.app */;
			productType = "com.apple.product-type.application";
		};
/* End PBXNativeTarget section */

/* Begin PBXProject section */
		4898B3E624CE5A4600EE18AB /* Project object */ = {
			isa = PBXProject;
			attributes = {
				LastSwiftUpdateCheck = 1110;
				LastUpgradeCheck = 1110;
				ORGANIZATIONNAME = "Ali Maher";
				TargetAttributes = {
					4898B3ED24CE5A4600EE18AB = {
						CreatedOnToolsVersion = 11.1;
					};
				};
			};
			buildConfigurationList = 4898B3E924CE5A4600EE18AB /* Build configuration list for PBXProject "DeCrona" */;
			compatibilityVersion = "Xcode 9.3";
			developmentRegion = en;
			hasScannedForEncodings = 0;
			knownRegions = (
				en,
				Base,
			);
			mainGroup = 4898B3E524CE5A4600EE18AB;
			productRefGroup = 4898B3EF24CE5A4600EE18AB /* Products */;
			projectDirPath = "";
			projectRoot = "";
			targets = (
				4898B3ED24CE5A4600EE18AB /* DeCrona */,
			);
		};
/* End PBXProject section */

/* Begin PBXResourcesBuildPhase section */
		4898B3EC24CE5A4600EE18AB /* Resources */ = {
			isa = PBXResourcesBuildPhase;
			buildActionMask = 2147483647;
			files = (
				4898B3FE24CE5A4700EE18AB /* LaunchScreen.storyboard in Resources */,
				4898B3FB24CE5A4700EE18AB /* Assets.xcassets in Resources */,
				48C9F91624CFB10F00E79216 /* countriesTableViewCell.xib in Resources */,
				48C9F91D24CFB58300E79216 /* worldTableViewCell.xib in Resources */,
				4898B3F924CE5A4600EE18AB /* Main.storyboard in Resources */,
			);
			runOnlyForDeploymentPostprocessing = 0;
		};
/* End PBXResourcesBuildPhase section */

/* Begin PBXSourcesBuildPhase section */
		4898B3EA24CE5A4600EE18AB /* Sources */ = {
			isa = PBXSourcesBuildPhase;
			buildActionMask = 2147483647;
			files = (
				4898B3F624CE5A4600EE18AB /* StatusViewController.swift in Sources */,
				48C9F91224CFAE8500E79216 /* MainTabBarViewController.swift in Sources */,
				48C9F91524CFB10F00E79216 /* countriesTableViewCell.swift in Sources */,
				48EF1D4E24D057A6000E06AD /* QuizViewController.swift in Sources */,
				4898B3F224CE5A4600EE18AB /* AppDelegate.swift in Sources */,
				48EF1D5024D06837000E06AD /* HomeViewController.swift in Sources */,
				48C9F91C24CFB58300E79216 /* worldTableViewCell.swift in Sources */,
				4898B3F424CE5A4600EE18AB /* SceneDelegate.swift in Sources */,
				48115F6024CFC5F200EE672E /* countries.swift in Sources */,
			);
			runOnlyForDeploymentPostprocessing = 0;
		};
/* End PBXSourcesBuildPhase section */

/* Begin PBXVariantGroup section */
		4898B3F724CE5A4600EE18AB /* Main.storyboard */ = {
			isa = PBXVariantGroup;
			children = (
				4898B3F824CE5A4600EE18AB /* Base */,
			);
			name = Main.storyboard;
			sourceTree = "<group>";
		};
		4898B3FC24CE5A4700EE18AB /* LaunchScreen.storyboard */ = {
			isa = PBXVariantGroup;
			children = (
				4898B3FD24CE5A4700EE18AB /* Base */,
			);
			name = LaunchScreen.storyboard;
			sourceTree = "<group>";
		};
/* End PBXVariantGroup section */

/* Begin XCBuildConfiguration section */
		4898B40024CE5A4700EE18AB /* Debug */ = {
			isa = XCBuildConfiguration;
			buildSettings = {
				ALWAYS_SEARCH_USER_PATHS = NO;
				CLANG_ANALYZER_NONNULL = YES;
				CLANG_ANALYZER_NUMBER_OBJECT_CONVERSION = YES_AGGRESSIVE;
				CLANG_CXX_LANGUAGE_STANDARD = "gnu++14";
				CLANG_CXX_LIBRARY = "libc++";
				CLANG_ENABLE_MODULES = YES;
				CLANG_ENABLE_OBJC_ARC = YES;
				CLANG_ENABLE_OBJC_WEAK = YES;
				CLANG_WARN_BLOCK_CAPTURE_AUTORELEASING = YES;
				CLANG_WARN_BOOL_CONVERSION = YES;
				CLANG_WARN_COMMA = YES;
				CLANG_WARN_CONSTANT_CONVERSION = YES;
				CLANG_WARN_DEPRECATED_OBJC_IMPLEMENTATIONS = YES;
				CLANG_WARN_DIRECT_OBJC_ISA_USAGE = YES_ERROR;
				CLANG_WARN_DOCUMENTATION_COMMENTS = YES;
				CLANG_WARN_EMPTY_BODY = YES;
				CLANG_WARN_ENUM_CONVERSION = YES;
				CLANG_WARN_INFINITE_RECURSION = YES;
				CLANG_WARN_INT_CONVERSION = YES;
				CLANG_WARN_NON_LITERAL_NULL_CONVERSION = YES;
				CLANG_WARN_OBJC_IMPLICIT_RETAIN_SELF = YES;
				CLANG_WARN_OBJC_LITERAL_CONVERSION = YES;
				CLANG_WARN_OBJC_ROOT_CLASS = YES_ERROR;
				CLANG_WARN_RANGE_LOOP_ANALYSIS = YES;
				CLANG_WARN_STRICT_PROTOTYPES = YES;
				CLANG_WARN_SUSPICIOUS_MOVE = YES;
				CLANG_WARN_UNGUARDED_AVAILABILITY = YES_AGGRESSIVE;
				CLANG_WARN_UNREACHABLE_CODE = YES;
				CLANG_WARN__DUPLICATE_METHOD_MATCH = YES;
				COPY_PHASE_STRIP = NO;
				DEBUG_INFORMATION_FORMAT = dwarf;
				ENABLE_STRICT_OBJC_MSGSEND = YES;
				ENABLE_TESTABILITY = YES;
				GCC_C_LANGUAGE_STANDARD = gnu11;
				GCC_DYNAMIC_NO_PIC = NO;
				GCC_NO_COMMON_BLOCKS = YES;
				GCC_OPTIMIZATION_LEVEL = 0;
				GCC_PREPROCESSOR_DEFINITIONS = (
					"DEBUG=1",
					"$(inherited)",
				);
				GCC_WARN_64_TO_32_BIT_CONVERSION = YES;
				GCC_WARN_ABOUT_RETURN_TYPE = YES_ERROR;
				GCC_WARN_UNDECLARED_SELECTOR = YES;
				GCC_WARN_UNINITIALIZED_AUTOS = YES_AGGRESSIVE;
				GCC_WARN_UNUSED_FUNCTION = YES;
				GCC_WARN_UNUSED_VARIABLE = YES;
				IPHONEOS_DEPLOYMENT_TARGET = 13.1;
				MTL_ENABLE_DEBUG_INFO = INCLUDE_SOURCE;
				MTL_FAST_MATH = YES;
				ONLY_ACTIVE_ARCH = YES;
				SDKROOT = iphoneos;
				SWIFT_ACTIVE_COMPILATION_CONDITIONS = DEBUG;
				SWIFT_OPTIMIZATION_LEVEL = "-Onone";
			};
			name = Debug;
		};
		4898B40124CE5A4700EE18AB /* Release */ = {
			isa = XCBuildConfiguration;
			buildSettings = {
				ALWAYS_SEARCH_USER_PATHS = NO;
				CLANG_ANALYZER_NONNULL = YES;
				CLANG_ANALYZER_NUMBER_OBJECT_CONVERSION = YES_AGGRESSIVE;
				CLANG_CXX_LANGUAGE_STANDARD = "gnu++14";
				CLANG_CXX_LIBRARY = "libc++";
				CLANG_ENABLE_MODULES = YES;
				CLANG_ENABLE_OBJC_ARC = YES;
				CLANG_ENABLE_OBJC_WEAK = YES;
				CLANG_WARN_BLOCK_CAPTURE_AUTORELEASING = YES;
				CLANG_WARN_BOOL_CONVERSION = YES;
				CLANG_WARN_COMMA = YES;
				CLANG_WARN_CONSTANT_CONVERSION = YES;
				CLANG_WARN_DEPRECATED_OBJC_IMPLEMENTATIONS = YES;
				CLANG_WARN_DIRECT_OBJC_ISA_USAGE = YES_ERROR;
				CLANG_WARN_DOCUMENTATION_COMMENTS = YES;
				CLANG_WARN_EMPTY_BODY = YES;
				CLANG_WARN_ENUM_CONVERSION = YES;
				CLANG_WARN_INFINITE_RECURSION = YES;
				CLANG_WARN_INT_CONVERSION = YES;
				CLANG_WARN_NON_LITERAL_NULL_CONVERSION = YES;
				CLANG_WARN_OBJC_IMPLICIT_RETAIN_SELF = YES;
				CLANG_WARN_OBJC_LITERAL_CONVERSION = YES;
				CLANG_WARN_OBJC_ROOT_CLASS = YES_ERROR;
				CLANG_WARN_RANGE_LOOP_ANALYSIS = YES;
				CLANG_WARN_STRICT_PROTOTYPES = YES;
				CLANG_WARN_SUSPICIOUS_MOVE = YES;
				CLANG_WARN_UNGUARDED_AVAILABILITY = YES_AGGRESSIVE;
				CLANG_WARN_UNREACHABLE_CODE = YES;
				CLANG_WARN__DUPLICATE_METHOD_MATCH = YES;
				COPY_PHASE_STRIP = NO;
				DEBUG_INFORMATION_FORMAT = "dwarf-with-dsym";
				ENABLE_NS_ASSERTIONS = NO;
				ENABLE_STRICT_OBJC_MSGSEND = YES;
				GCC_C_LANGUAGE_STANDARD = gnu11;
				GCC_NO_COMMON_BLOCKS = YES;
				GCC_WARN_64_TO_32_BIT_CONVERSION = YES;
				GCC_WARN_ABOUT_RETURN_TYPE = YES_ERROR;
				GCC_WARN_UNDECLARED_SELECTOR = YES;
				GCC_WARN_UNINITIALIZED_AUTOS = YES_AGGRESSIVE;
				GCC_WARN_UNUSED_FUNCTION = YES;
				GCC_WARN_UNUSED_VARIABLE = YES;
				IPHONEOS_DEPLOYMENT_TARGET = 13.1;
				MTL_ENABLE_DEBUG_INFO = NO;
				MTL_FAST_MATH = YES;
				SDKROOT = iphoneos;
				SWIFT_COMPILATION_MODE = wholemodule;
				SWIFT_OPTIMIZATION_LEVEL = "-O";
				VALIDATE_PRODUCT = YES;
			};
			name = Release;
		};
		4898B40324CE5A4700EE18AB /* Debug */ = {
			isa = XCBuildConfiguration;
			buildSettings = {
				ASSETCATALOG_COMPILER_APPICON_NAME = AppIcon;
				CODE_SIGN_STYLE = Automatic;
				DEVELOPMENT_TEAM = 5D43NMDU6J;
				INFOPLIST_FILE = DeCrona/Info.plist;
				LD_RUNPATH_SEARCH_PATHS = (
					"$(inherited)",
					"@executable_path/Frameworks",
				);
				PRODUCT_BUNDLE_IDENTIFIER = me.Alimaher.DeCrona;
				PRODUCT_NAME = "$(TARGET_NAME)";
				SWIFT_VERSION = 5.0;
				TARGETED_DEVICE_FAMILY = "1,2";
			};
			name = Debug;
		};
		4898B40424CE5A4700EE18AB /* Release */ = {
			isa = XCBuildConfiguration;
			buildSettings = {
				ASSETCATALOG_COMPILER_APPICON_NAME = AppIcon;
				CODE_SIGN_STYLE = Automatic;
				DEVELOPMENT_TEAM = 5D43NMDU6J;
				INFOPLIST_FILE = DeCrona/Info.plist;
				LD_RUNPATH_SEARCH_PATHS = (
					"$(inherited)",
					"@executable_path/Frameworks",
				);
				PRODUCT_BUNDLE_IDENTIFIER = me.Alimaher.DeCrona;
				PRODUCT_NAME = "$(TARGET_NAME)";
				SWIFT_VERSION = 5.0;
				TARGETED_DEVICE_FAMILY = "1,2";
			};
			name = Release;
		};
/* End XCBuildConfiguration section */

/* Begin XCConfigurationList section */
		4898B3E924CE5A4600EE18AB /* Build configuration list for PBXProject "DeCrona" */ = {
			isa = XCConfigurationList;
			buildConfigurations = (
				4898B40024CE5A4700EE18AB /* Debug */,
				4898B40124CE5A4700EE18AB /* Release */,
			);
			defaultConfigurationIsVisible = 0;
			defaultConfigurationName = Release;
		};
		4898B40224CE5A4700EE18AB /* Build configuration list for PBXNativeTarget "DeCrona" */ = {
			isa = XCConfigurationList;
			buildConfigurations = (
				4898B40324CE5A4700EE18AB /* Debug */,
				4898B40424CE5A4700EE18AB /* Release */,
			);
			defaultConfigurationIsVisible = 0;
			defaultConfigurationName = Release;
		};
/* End XCConfigurationList section */
	};
	rootObject = 4898B3E624CE5A4600EE18AB /* Project object */;
}
